# This file is automatically @generated by Cargo.
# It is not intended for manual editing.
version = 3

[[package]]
name = "flowmaid"
version = "0.24.1"
source = "registry+https://github.com/rust-lang/crates.io-index"
checksum = "f1b7c3d53b3f00ffab6fc529d10195344ceb6589d4c83cb2e9960fc141c364d5"

[[package]]
name = "markmaid"
version = "0.2.0"
dependencies = [
 "flowmaid",
]
