# This file is automatically @generated by Cargo.
# It is not intended for manual editing.
version = 3

[[package]]
name = "flowmaid"
version = "0.11.1"
source = "registry+https://github.com/rust-lang/crates.io-index"
checksum = "2b6948067032160544c488448b8e605231b163810e8f70ca0e28de99d41cd545"

[[package]]
name = "markmaid"
version = "0.1.0"
dependencies = [
 "flowmaid",
]
